<?xml version="1.0" encoding="UTF-8"?>
<Scheme
   LastUpgradeVersion = "1520"
   version = "1.7">
   <BuildAction
      parallelizeBuildables = "YES"
      buildImplicitDependencies = "YES">
      <BuildActionEntries>
         <BuildActionEntry
            buildForTesting = "YES"
            buildForRunning = "YES"
            buildForProfiling = "YES"
            buildForArchiving = "YES"
            buildForAnalyzing = "YES">
            <BuildableReference
               BuildableIdentifier = "primary"
               BlueprintIdentifier = "5D1CFE7B2B364B4E00EA0410"
               BuildableName = "LeaseLimit.app"
               BlueprintName = "LeaseLimit"
               ReferencedContainer = "container:LeaseLimit.xcodeproj">
            </BuildableReference>
         </BuildActionEntry>
      </BuildActionEntries>
   </BuildAction>
   <TestAction
      buildConfiguration = "Debug"
      selectedDebuggerIdentifier = "Xcode.DebuggerFoundation.Debugger.LLDB"
      selectedLauncherIdentifier = "Xcode.DebuggerFoundation.Launcher.LLDB"
      shouldUseLaunchSchemeArgsEnv = "YES"
      shouldAutocreateTestPlan = "YES">
   </TestAction>
   <LaunchAction
      buildConfiguration = "Debug"
      selectedDebuggerIdentifier = "Xcode.DebuggerFoundation.Debugger.LLDB"
      selectedLauncherIdentifier = "Xcode.DebuggerFoundation.Launcher.LLDB"
      launchStyle = "0"
      useCustomWorkingDirectory = "NO"
      ignoresPersistentStateOnLaunch = "NO"
      debugDocumentVersioning = "YES"
      debugServiceExtension = "internal"
      allowLocationSimulation = "YES">
      <BuildableProductRunnable
         runnableDebuggingMode = "0">
         <BuildableReference
            BuildableIdentifier = "primary"
            BlueprintIdentifier = "5D1CFE7B2B364B4E00EA0410"
            BuildableName = "LeaseLimit.app"
            BlueprintName = "LeaseLimit"
            ReferencedContainer = "container:LeaseLimit.xcodeproj">
         </BuildableReference>
      </BuildableProductRunnable>
      <EnvironmentVariables>
         <EnvironmentVariable
            key = "LeaseMileageLottieLight"
            value = "https://lottie.host/ba4e1f75-45f9-4f38-a21e-fc9fda2c4eba/OuSPeObGxb.json"
            isEnabled = "YES">
         </EnvironmentVariable>
         <EnvironmentVariable
            key = "DateLottie"
            value = "https://lottie.host/17b03c12-6b66-4720-a77b-131965acfbdd/NCcQWQNcr9.json"
            isEnabled = "YES">
         </EnvironmentVariable>
         <EnvironmentVariable
            key = "MileageLottie"
            value = "https://lottie.host/4155e67f-4f76-4a7f-b83e-bb7eeda22a6f/b5qxJTTp1a.json"
            isEnabled = "YES">
         </EnvironmentVariable>
         <EnvironmentVariable
            key = "OverageLottie"
            value = "https://lottie.host/bc1f9fa5-1af9-43e7-8026-4a79b2609ac3/ACfNc6thTE.json"
            isEnabled = "YES">
         </EnvironmentVariable>
         <EnvironmentVariable
            key = "LeaseMileageLottieDark"
            value = "https://lottie.host/9046c96a-5330-4385-9a4d-a9feb9b0f8bb/lsT9guz0Wf.json"
            isEnabled = "YES">
         </EnvironmentVariable>
      </EnvironmentVariables>
   </LaunchAction>
   <ProfileAction
      buildConfiguration = "Release"
      shouldUseLaunchSchemeArgsEnv = "YES"
      savedToolIdentifier = ""
      useCustomWorkingDirectory = "NO"
      debugDocumentVersioning = "YES">
      <BuildableProductRunnable
         runnableDebuggingMode = "0">
         <BuildableReference
            BuildableIdentifier = "primary"
            BlueprintIdentifier = "5D1CFE7B2B364B4E00EA0410"
            BuildableName = "LeaseLimit.app"
            BlueprintName = "LeaseLimit"
            ReferencedContainer = "container:LeaseLimit.xcodeproj">
         </BuildableReference>
      </BuildableProductRunnable>
   </ProfileAction>
   <AnalyzeAction
      buildConfiguration = "Debug">
   </AnalyzeAction>
   <ArchiveAction
      buildConfiguration = "Release"
      revealArchiveInOrganizer = "YES">
   </ArchiveAction>
</Scheme>
