// !$*UTF8*$!
{
	archiveVersion = 1;
	classes = {
	};
	objectVersion = 56;
	objects = {

/* Begin PBXBuildFile section */
		5D1CFE802B364B4E00EA0410 /* LeaseLimitApp.swift in Sources */ = {isa = PBXBuildFile; fileRef = 5D1CFE7F2B364B4E00EA0410 /* LeaseLimitApp.swift */; };
		5D1CFE822B364B4E00EA0410 /* ContentView.swift in Sources */ = {isa = PBXBuildFile; fileRef = 5D1CFE812B364B4E00EA0410 /* ContentView.swift */; };
		5D1CFE842B364B4F00EA0410 /* Assets.xcassets in Resources */ = {isa = PBXBuildFile; fileRef = 5D1CFE832B364B4F00EA0410 /* Assets.xcassets */; };
		5D1CFE872B364B4F00EA0410 /* Preview Assets.xcassets in Resources */ = {isa = PBXBuildFile; fileRef = 5D1CFE862B364B4F00EA0410 /* Preview Assets.xcassets */; };
		5D1CFE8E2B364C9F00EA0410 /* LeaseModel.swift in Sources */ = {isa = PBXBuildFile; fileRef = 5D1CFE8D2B364C9F00EA0410 /* LeaseModel.swift */; };
		5D1CFE902B37FE6C00EA0410 /* LeaseViewModel.swift in Sources */ = {isa = PBXBuildFile; fileRef = 5D1CFE8F2B37FE6C00EA0410 /* LeaseViewModel.swift */; };
		5D869F6E2B4E236300B75A71 /* HomeScreenView.swift in Sources */ = {isa = PBXBuildFile; fileRef = 5D869F6D2B4E236300B75A71 /* HomeScreenView.swift */; };
		5D869F702B4F234F00B75A71 /* StartScreenView.swift in Sources */ = {isa = PBXBuildFile; fileRef = 5D869F6F2B4F234F00B75A71 /* StartScreenView.swift */; };
		5D968B6B2B3D053D00645835 /* LeaseMileageScreenView.swift in Sources */ = {isa = PBXBuildFile; fileRef = 5D968B6A2B3D053D00645835 /* LeaseMileageScreenView.swift */; };
		5D968B6D2B3D056300645835 /* Start Screen Background - Dark Mode.svg in Resources */ = {isa = PBXBuildFile; fileRef = 5D968B6C2B3D056300645835 /* Start Screen Background - Dark Mode.svg */; };
		5D968B6F2B44AB8D00645835 /* Start Screen Background - Light Mode.svg in Resources */ = {isa = PBXBuildFile; fileRef = 5D968B6E2B44AB8D00645835 /* Start Screen Background - Light Mode.svg */; };
		5D968B712B4621EA00645835 /* MileageScreenView.swift in Sources */ = {isa = PBXBuildFile; fileRef = 5D968B702B4621EA00645835 /* MileageScreenView.swift */; };
		5D968B732B4621FE00645835 /* DatesScreenView.swift in Sources */ = {isa = PBXBuildFile; fileRef = 5D968B722B4621FE00645835 /* DatesScreenView.swift */; };
		5D968B752B46221100645835 /* OverageScreenView.swift in Sources */ = {isa = PBXBuildFile; fileRef = 5D968B742B46221100645835 /* OverageScreenView.swift */; };
		5D968B7B2B4625D900645835 /* AdaptiveView.swift in Sources */ = {isa = PBXBuildFile; fileRef = 5D968B7A2B4625D900645835 /* AdaptiveView.swift */; };
		5D968B7E2B463CD900645835 /* Lottie in Frameworks */ = {isa = PBXBuildFile; productRef = 5D968B7D2B463CD900645835 /* Lottie */; };
		5D968B822B472FF100645835 /* ContentViewOld.swift in Sources */ = {isa = PBXBuildFile; fileRef = 5D968B812B472FF100645835 /* ContentViewOld.swift */; };
		5D968B842B47309600645835 /* LeaseLimitLogo.svg in Resources */ = {isa = PBXBuildFile; fileRef = 5D968B832B47309600645835 /* LeaseLimitLogo.svg */; };
		5D968B862B4730FF00645835 /* LottieView.swift in Sources */ = {isa = PBXBuildFile; fileRef = 5D968B852B4730FF00645835 /* LottieView.swift */; };
/* End PBXBuildFile section */

/* Begin PBXFileReference section */
		5D1CFE7C2B364B4E00EA0410 /* LeaseLimit.app */ = {isa = PBXFileReference; explicitFileType = wrapper.application; includeInIndex = 0; path = LeaseLimit.app; sourceTree = BUILT_PRODUCTS_DIR; };
		5D1CFE7F2B364B4E00EA0410 /* LeaseLimitApp.swift */ = {isa = PBXFileReference; lastKnownFileType = sourcecode.swift; path = LeaseLimitApp.swift; sourceTree = "<group>"; };
		5D1CFE812B364B4E00EA0410 /* ContentView.swift */ = {isa = PBXFileReference; lastKnownFileType = sourcecode.swift; path = ContentView.swift; sourceTree = "<group>"; };
		5D1CFE832B364B4F00EA0410 /* Assets.xcassets */ = {isa = PBXFileReference; lastKnownFileType = folder.assetcatalog; path = Assets.xcassets; sourceTree = "<group>"; };
		5D1CFE862B364B4F00EA0410 /* Preview Assets.xcassets */ = {isa = PBXFileReference; lastKnownFileType = folder.assetcatalog; path = "Preview Assets.xcassets"; sourceTree = "<group>"; };
		5D1CFE8D2B364C9F00EA0410 /* LeaseModel.swift */ = {isa = PBXFileReference; lastKnownFileType = sourcecode.swift; path = LeaseModel.swift; sourceTree = "<group>"; };
		5D1CFE8F2B37FE6C00EA0410 /* LeaseViewModel.swift */ = {isa = PBXFileReference; lastKnownFileType = sourcecode.swift; path = LeaseViewModel.swift; sourceTree = "<group>"; };
		5D869F6D2B4E236300B75A71 /* HomeScreenView.swift */ = {isa = PBXFileReference; lastKnownFileType = sourcecode.swift; path = HomeScreenView.swift; sourceTree = "<group>"; };
		5D869F6F2B4F234F00B75A71 /* StartScreenView.swift */ = {isa = PBXFileReference; lastKnownFileType = sourcecode.swift; path = StartScreenView.swift; sourceTree = "<group>"; };
		5D968B6A2B3D053D00645835 /* LeaseMileageScreenView.swift */ = {isa = PBXFileReference; lastKnownFileType = sourcecode.swift; path = LeaseMileageScreenView.swift; sourceTree = "<group>"; };
		5D968B6C2B3D056300645835 /* Start Screen Background - Dark Mode.svg */ = {isa = PBXFileReference; fileEncoding = 4; lastKnownFileType = text; path = "Start Screen Background - Dark Mode.svg"; sourceTree = "<group>"; };
		5D968B6E2B44AB8D00645835 /* Start Screen Background - Light Mode.svg */ = {isa = PBXFileReference; fileEncoding = 4; lastKnownFileType = text; path = "Start Screen Background - Light Mode.svg"; sourceTree = "<group>"; };
		5D968B702B4621EA00645835 /* MileageScreenView.swift */ = {isa = PBXFileReference; lastKnownFileType = sourcecode.swift; path = MileageScreenView.swift; sourceTree = "<group>"; };
		5D968B722B4621FE00645835 /* DatesScreenView.swift */ = {isa = PBXFileReference; lastKnownFileType = sourcecode.swift; path = DatesScreenView.swift; sourceTree = "<group>"; };
		5D968B742B46221100645835 /* OverageScreenView.swift */ = {isa = PBXFileReference; lastKnownFileType = sourcecode.swift; path = OverageScreenView.swift; sourceTree = "<group>"; };
		5D968B7A2B4625D900645835 /* AdaptiveView.swift */ = {isa = PBXFileReference; lastKnownFileType = sourcecode.swift; path = AdaptiveView.swift; sourceTree = "<group>"; };
		5D968B802B46641D00645835 /* Baloo2-VariableFont_wght.ttf */ = {isa = PBXFileReference; lastKnownFileType = file; path = "Baloo2-VariableFont_wght.ttf"; sourceTree = "<group>"; };
		5D968B812B472FF100645835 /* ContentViewOld.swift */ = {isa = PBXFileReference; lastKnownFileType = sourcecode.swift; path = ContentViewOld.swift; sourceTree = "<group>"; };
		5D968B832B47309600645835 /* LeaseLimitLogo.svg */ = {isa = PBXFileReference; fileEncoding = 4; lastKnownFileType = text; path = LeaseLimitLogo.svg; sourceTree = "<group>"; };
		5D968B852B4730FF00645835 /* LottieView.swift */ = {isa = PBXFileReference; lastKnownFileType = sourcecode.swift; path = LottieView.swift; sourceTree = "<group>"; };
/* End PBXFileReference section */

/* Begin PBXFrameworksBuildPhase section */
		5D1CFE792B364B4E00EA0410 /* Frameworks */ = {
			isa = PBXFrameworksBuildPhase;
			buildActionMask = 2147483647;
			files = (
				5D968B7E2B463CD900645835 /* Lottie in Frameworks */,
			);
			runOnlyForDeploymentPostprocessing = 0;
		};
/* End PBXFrameworksBuildPhase section */

/* Begin PBXGroup section */
		5D1CFE732B364B4E00EA0410 = {
			isa = PBXGroup;
			children = (
				5D1CFE7E2B364B4E00EA0410 /* LeaseLimit */,
				5D1CFE7D2B364B4E00EA0410 /* Products */,
			);
			sourceTree = "<group>";
		};
		5D1CFE7D2B364B4E00EA0410 /* Products */ = {
			isa = PBXGroup;
			children = (
				5D1CFE7C2B364B4E00EA0410 /* LeaseLimit.app */,
			);
			name = Products;
			sourceTree = "<group>";
		};
		5D1CFE7E2B364B4E00EA0410 /* LeaseLimit */ = {
			isa = PBXGroup;
			children = (
				5D968B7F2B46638B00645835 /* Fonts */,
				5D968B7A2B4625D900645835 /* AdaptiveView.swift */,
				5D1CFE812B364B4E00EA0410 /* ContentView.swift */,
				5D869F6D2B4E236300B75A71 /* HomeScreenView.swift */,
				5D869F6F2B4F234F00B75A71 /* StartScreenView.swift */,
				5D968B6A2B3D053D00645835 /* LeaseMileageScreenView.swift */,
				5D968B722B4621FE00645835 /* DatesScreenView.swift */,
				5D968B702B4621EA00645835 /* MileageScreenView.swift */,
				5D968B742B46221100645835 /* OverageScreenView.swift */,
				5D968B6C2B3D056300645835 /* Start Screen Background - Dark Mode.svg */,
				5D968B6E2B44AB8D00645835 /* Start Screen Background - Light Mode.svg */,
				5D968B832B47309600645835 /* LeaseLimitLogo.svg */,
				5D1CFE7F2B364B4E00EA0410 /* LeaseLimitApp.swift */,
				5D968B812B472FF100645835 /* ContentViewOld.swift */,
				5D1CFE832B364B4F00EA0410 /* Assets.xcassets */,
				5D1CFE8D2B364C9F00EA0410 /* LeaseModel.swift */,
				5D1CFE8F2B37FE6C00EA0410 /* LeaseViewModel.swift */,
				5D1CFE852B364B4F00EA0410 /* Preview Content */,
				5D968B852B4730FF00645835 /* LottieView.swift */,
			);
			path = LeaseLimit;
			sourceTree = "<group>";
		};
		5D1CFE852B364B4F00EA0410 /* Preview Content */ = {
			isa = PBXGroup;
			children = (
				5D1CFE862B364B4F00EA0410 /* Preview Assets.xcassets */,
			);
			path = "Preview Content";
			sourceTree = "<group>";
		};
		5D968B7F2B46638B00645835 /* Fonts */ = {
			isa = PBXGroup;
			children = (
				5D968B802B46641D00645835 /* Baloo2-VariableFont_wght.ttf */,
			);
			path = Fonts;
			sourceTree = "<group>";
		};
/* End PBXGroup section */

/* Begin PBXNativeTarget section */
		5D1CFE7B2B364B4E00EA0410 /* LeaseLimit */ = {
			isa = PBXNativeTarget;
			buildConfigurationList = 5D1CFE8A2B364B4F00EA0410 /* Build configuration list for PBXNativeTarget "LeaseLimit" */;
			buildPhases = (
				5D1CFE782B364B4E00EA0410 /* Sources */,
				5D1CFE792B364B4E00EA0410 /* Frameworks */,
				5D1CFE7A2B364B4E00EA0410 /* Resources */,
			);
			buildRules = (
			);
			dependencies = (
			);
			name = LeaseLimit;
			packageProductDependencies = (
				5D968B7D2B463CD900645835 /* Lottie */,
			);
			productName = LeaseLimit;
			productReference = 5D1CFE7C2B364B4E00EA0410 /* LeaseLimit.app */;
			productType = "com.apple.product-type.application";
		};
/* End PBXNativeTarget section */

/* Begin PBXProject section */
		5D1CFE742B364B4E00EA0410 /* Project object */ = {
			isa = PBXProject;
			attributes = {
				BuildIndependentTargetsInParallel = 1;
				LastSwiftUpdateCheck = 1500;
				LastUpgradeCheck = 1500;
				TargetAttributes = {
					5D1CFE7B2B364B4E00EA0410 = {
						CreatedOnToolsVersion = 15.0.1;
					};
				};
			};
			buildConfigurationList = 5D1CFE772B364B4E00EA0410 /* Build configuration list for PBXProject "LeaseLimit" */;
			compatibilityVersion = "Xcode 14.0";
			developmentRegion = en;
			hasScannedForEncodings = 0;
			knownRegions = (
				en,
				Base,
			);
			mainGroup = 5D1CFE732B364B4E00EA0410;
			packageReferences = (
				5D968B7C2B463CD900645835 /* XCRemoteSwiftPackageReference "lottie-ios" */,
			);
			productRefGroup = 5D1CFE7D2B364B4E00EA0410 /* Products */;
			projectDirPath = "";
			projectRoot = "";
			targets = (
				5D1CFE7B2B364B4E00EA0410 /* LeaseLimit */,
			);
		};
/* End PBXProject section */

/* Begin PBXResourcesBuildPhase section */
		5D1CFE7A2B364B4E00EA0410 /* Resources */ = {
			isa = PBXResourcesBuildPhase;
			buildActionMask = 2147483647;
			files = (
				5D968B6D2B3D056300645835 /* Start Screen Background - Dark Mode.svg in Resources */,
				5D1CFE872B364B4F00EA0410 /* Preview Assets.xcassets in Resources */,
				5D968B6F2B44AB8D00645835 /* Start Screen Background - Light Mode.svg in Resources */,
				5D1CFE842B364B4F00EA0410 /* Assets.xcassets in Resources */,
				5D968B842B47309600645835 /* LeaseLimitLogo.svg in Resources */,
			);
			runOnlyForDeploymentPostprocessing = 0;
		};
/* End PBXResourcesBuildPhase section */

/* Begin PBXSourcesBuildPhase section */
		5D1CFE782B364B4E00EA0410 /* Sources */ = {
			isa = PBXSourcesBuildPhase;
			buildActionMask = 2147483647;
			files = (
				5D1CFE822B364B4E00EA0410 /* ContentView.swift in Sources */,
				5D1CFE902B37FE6C00EA0410 /* LeaseViewModel.swift in Sources */,
				5D1CFE802B364B4E00EA0410 /* LeaseLimitApp.swift in Sources */,
				5D968B732B4621FE00645835 /* DatesScreenView.swift in Sources */,
				5D968B712B4621EA00645835 /* MileageScreenView.swift in Sources */,
				5D1CFE8E2B364C9F00EA0410 /* LeaseModel.swift in Sources */,
				5D968B7B2B4625D900645835 /* AdaptiveView.swift in Sources */,
				5D968B822B472FF100645835 /* ContentViewOld.swift in Sources */,
				5D968B752B46221100645835 /* OverageScreenView.swift in Sources */,
				5D869F702B4F234F00B75A71 /* StartScreenView.swift in Sources */,
				5D968B6B2B3D053D00645835 /* LeaseMileageScreenView.swift in Sources */,
				5D968B862B4730FF00645835 /* LottieView.swift in Sources */,
				5D869F6E2B4E236300B75A71 /* HomeScreenView.swift in Sources */,
			);
			runOnlyForDeploymentPostprocessing = 0;
		};
/* End PBXSourcesBuildPhase section */

/* Begin XCBuildConfiguration section */
		5D1CFE882B364B4F00EA0410 /* Debug */ = {
			isa = XCBuildConfiguration;
			buildSettings = {
				ALWAYS_SEARCH_USER_PATHS = NO;
				ASSETCATALOG_COMPILER_GENERATE_SWIFT_ASSET_SYMBOL_EXTENSIONS = YES;
				CLANG_ANALYZER_NONNULL = YES;
				CLANG_ANALYZER_NUMBER_OBJECT_CONVERSION = YES_AGGRESSIVE;
				CLANG_CXX_LANGUAGE_STANDARD = "gnu++20";
				CLANG_ENABLE_MODULES = YES;
				CLANG_ENABLE_OBJC_ARC = YES;
				CLANG_ENABLE_OBJC_WEAK = YES;
				CLANG_WARN_BLOCK_CAPTURE_AUTORELEASING = YES;
				CLANG_WARN_BOOL_CONVERSION = YES;
				CLANG_WARN_COMMA = YES;
				CLANG_WARN_CONSTANT_CONVERSION = YES;
				CLANG_WARN_DEPRECATED_OBJC_IMPLEMENTATIONS = YES;
				CLANG_WARN_DIRECT_OBJC_ISA_USAGE = YES_ERROR;
				CLANG_WARN_DOCUMENTATION_COMMENTS = YES;
				CLANG_WARN_EMPTY_BODY = YES;
				CLANG_WARN_ENUM_CONVERSION = YES;
				CLANG_WARN_INFINITE_RECURSION = YES;
				CLANG_WARN_INT_CONVERSION = YES;
				CLANG_WARN_NON_LITERAL_NULL_CONVERSION = YES;
				CLANG_WARN_OBJC_IMPLICIT_RETAIN_SELF = YES;
				CLANG_WARN_OBJC_LITERAL_CONVERSION = YES;
				CLANG_WARN_OBJC_ROOT_CLASS = YES_ERROR;
				CLANG_WARN_QUOTED_INCLUDE_IN_FRAMEWORK_HEADER = YES;
				CLANG_WARN_RANGE_LOOP_ANALYSIS = YES;
				CLANG_WARN_STRICT_PROTOTYPES = YES;
				CLANG_WARN_SUSPICIOUS_MOVE = YES;
				CLANG_WARN_UNGUARDED_AVAILABILITY = YES_AGGRESSIVE;
				CLANG_WARN_UNREACHABLE_CODE = YES;
				CLANG_WARN__DUPLICATE_METHOD_MATCH = YES;
				COPY_PHASE_STRIP = NO;
				DEBUG_INFORMATION_FORMAT = dwarf;
				ENABLE_STRICT_OBJC_MSGSEND = YES;
				ENABLE_TESTABILITY = YES;
				ENABLE_USER_SCRIPT_SANDBOXING = YES;
				GCC_C_LANGUAGE_STANDARD = gnu17;
				GCC_DYNAMIC_NO_PIC = NO;
				GCC_NO_COMMON_BLOCKS = YES;
				GCC_OPTIMIZATION_LEVEL = 0;
				GCC_PREPROCESSOR_DEFINITIONS = (
					"DEBUG=1",
					"$(inherited)",
				);
				GCC_WARN_64_TO_32_BIT_CONVERSION = YES;
				GCC_WARN_ABOUT_RETURN_TYPE = YES_ERROR;
				GCC_WARN_UNDECLARED_SELECTOR = YES;
				GCC_WARN_UNINITIALIZED_AUTOS = YES_AGGRESSIVE;
				GCC_WARN_UNUSED_FUNCTION = YES;
				GCC_WARN_UNUSED_VARIABLE = YES;
				IPHONEOS_DEPLOYMENT_TARGET = 17.0;
				LOCALIZATION_PREFERS_STRING_CATALOGS = YES;
				MTL_ENABLE_DEBUG_INFO = INCLUDE_SOURCE;
				MTL_FAST_MATH = YES;
				ONLY_ACTIVE_ARCH = YES;
				SDKROOT = iphoneos;
				SWIFT_ACTIVE_COMPILATION_CONDITIONS = "DEBUG $(inherited)";
				SWIFT_OPTIMIZATION_LEVEL = "-Onone";
			};
			name = Debug;
		};
		5D1CFE892B364B4F00EA0410 /* Release */ = {
			isa = XCBuildConfiguration;
			buildSettings = {
				ALWAYS_SEARCH_USER_PATHS = NO;
				ASSETCATALOG_COMPILER_GENERATE_SWIFT_ASSET_SYMBOL_EXTENSIONS = YES;
				CLANG_ANALYZER_NONNULL = YES;
				CLANG_ANALYZER_NUMBER_OBJECT_CONVERSION = YES_AGGRESSIVE;
				CLANG_CXX_LANGUAGE_STANDARD = "gnu++20";
				CLANG_ENABLE_MODULES = YES;
				CLANG_ENABLE_OBJC_ARC = YES;
				CLANG_ENABLE_OBJC_WEAK = YES;
				CLANG_WARN_BLOCK_CAPTURE_AUTORELEASING = YES;
				CLANG_WARN_BOOL_CONVERSION = YES;
				CLANG_WARN_COMMA = YES;
				CLANG_WARN_CONSTANT_CONVERSION = YES;
				CLANG_WARN_DEPRECATED_OBJC_IMPLEMENTATIONS = YES;
				CLANG_WARN_DIRECT_OBJC_ISA_USAGE = YES_ERROR;
				CLANG_WARN_DOCUMENTATION_COMMENTS = YES;
				CLANG_WARN_EMPTY_BODY = YES;
				CLANG_WARN_ENUM_CONVERSION = YES;
				CLANG_WARN_INFINITE_RECURSION = YES;
				CLANG_WARN_INT_CONVERSION = YES;
				CLANG_WARN_NON_LITERAL_NULL_CONVERSION = YES;
				CLANG_WARN_OBJC_IMPLICIT_RETAIN_SELF = YES;
				CLANG_WARN_OBJC_LITERAL_CONVERSION = YES;
				CLANG_WARN_OBJC_ROOT_CLASS = YES_ERROR;
				CLANG_WARN_QUOTED_INCLUDE_IN_FRAMEWORK_HEADER = YES;
				CLANG_WARN_RANGE_LOOP_ANALYSIS = YES;
				CLANG_WARN_STRICT_PROTOTYPES = YES;
				CLANG_WARN_SUSPICIOUS_MOVE = YES;
				CLANG_WARN_UNGUARDED_AVAILABILITY = YES_AGGRESSIVE;
				CLANG_WARN_UNREACHABLE_CODE = YES;
				CLANG_WARN__DUPLICATE_METHOD_MATCH = YES;
				COPY_PHASE_STRIP = NO;
				DEBUG_INFORMATION_FORMAT = "dwarf-with-dsym";
				ENABLE_NS_ASSERTIONS = NO;
				ENABLE_STRICT_OBJC_MSGSEND = YES;
				ENABLE_USER_SCRIPT_SANDBOXING = YES;
				GCC_C_LANGUAGE_STANDARD = gnu17;
				GCC_NO_COMMON_BLOCKS = YES;
				GCC_WARN_64_TO_32_BIT_CONVERSION = YES;
				GCC_WARN_ABOUT_RETURN_TYPE = YES_ERROR;
				GCC_WARN_UNDECLARED_SELECTOR = YES;
				GCC_WARN_UNINITIALIZED_AUTOS = YES_AGGRESSIVE;
				GCC_WARN_UNUSED_FUNCTION = YES;
				GCC_WARN_UNUSED_VARIABLE = YES;
				IPHONEOS_DEPLOYMENT_TARGET = 17.0;
				LOCALIZATION_PREFERS_STRING_CATALOGS = YES;
				MTL_ENABLE_DEBUG_INFO = NO;
				MTL_FAST_MATH = YES;
				SDKROOT = iphoneos;
				SWIFT_COMPILATION_MODE = wholemodule;
				VALIDATE_PRODUCT = YES;
			};
			name = Release;
		};
		5D1CFE8B2B364B4F00EA0410 /* Debug */ = {
			isa = XCBuildConfiguration;
			buildSettings = {
				ASSETCATALOG_COMPILER_APPICON_NAME = AppIcon;
				ASSETCATALOG_COMPILER_GLOBAL_ACCENT_COLOR_NAME = AccentColor;
				CODE_SIGN_STYLE = Automatic;
				CURRENT_PROJECT_VERSION = 1;
				DEVELOPMENT_ASSET_PATHS = "\"LeaseLimit/Preview Content\"";
				DEVELOPMENT_TEAM = 29B7UY4877;
				ENABLE_PREVIEWS = YES;
				GENERATE_INFOPLIST_FILE = YES;
				INFOPLIST_KEY_UIApplicationSceneManifest_Generation = YES;
				INFOPLIST_KEY_UIApplicationSupportsIndirectInputEvents = YES;
				INFOPLIST_KEY_UILaunchScreen_Generation = YES;
				INFOPLIST_KEY_UISupportedInterfaceOrientations_iPad = "UIInterfaceOrientationPortrait UIInterfaceOrientationPortraitUpsideDown UIInterfaceOrientationLandscapeLeft UIInterfaceOrientationLandscapeRight";
				INFOPLIST_KEY_UISupportedInterfaceOrientations_iPhone = "UIInterfaceOrientationPortrait UIInterfaceOrientationLandscapeLeft UIInterfaceOrientationLandscapeRight";
				LD_RUNPATH_SEARCH_PATHS = (
					"$(inherited)",
					"@executable_path/Frameworks",
				);
				MARKETING_VERSION = 1.0;
				PRODUCT_BUNDLE_IDENTIFIER = org.kurtweber.LeaseLimit;
				PRODUCT_NAME = "$(TARGET_NAME)";
				SWIFT_EMIT_LOC_STRINGS = YES;
				SWIFT_VERSION = 5.0;
				TARGETED_DEVICE_FAMILY = "1,2";
			};
			name = Debug;
		};
		5D1CFE8C2B364B4F00EA0410 /* Release */ = {
			isa = XCBuildConfiguration;
			buildSettings = {
				ASSETCATALOG_COMPILER_APPICON_NAME = AppIcon;
				ASSETCATALOG_COMPILER_GLOBAL_ACCENT_COLOR_NAME = AccentColor;
				CODE_SIGN_STYLE = Automatic;
				CURRENT_PROJECT_VERSION = 1;
				DEVELOPMENT_ASSET_PATHS = "\"LeaseLimit/Preview Content\"";
				DEVELOPMENT_TEAM = 29B7UY4877;
				ENABLE_PREVIEWS = YES;
				GENERATE_INFOPLIST_FILE = YES;
				INFOPLIST_KEY_UIApplicationSceneManifest_Generation = YES;
				INFOPLIST_KEY_UIApplicationSupportsIndirectInputEvents = YES;
				INFOPLIST_KEY_UILaunchScreen_Generation = YES;
				INFOPLIST_KEY_UISupportedInterfaceOrientations_iPad = "UIInterfaceOrientationPortrait UIInterfaceOrientationPortraitUpsideDown UIInterfaceOrientationLandscapeLeft UIInterfaceOrientationLandscapeRight";
				INFOPLIST_KEY_UISupportedInterfaceOrientations_iPhone = "UIInterfaceOrientationPortrait UIInterfaceOrientationLandscapeLeft UIInterfaceOrientationLandscapeRight";
				LD_RUNPATH_SEARCH_PATHS = (
					"$(inherited)",
					"@executable_path/Frameworks",
				);
				MARKETING_VERSION = 1.0;
				PRODUCT_BUNDLE_IDENTIFIER = org.kurtweber.LeaseLimit;
				PRODUCT_NAME = "$(TARGET_NAME)";
				SWIFT_EMIT_LOC_STRINGS = YES;
				SWIFT_VERSION = 5.0;
				TARGETED_DEVICE_FAMILY = "1,2";
			};
			name = Release;
		};
/* End XCBuildConfiguration section */

/* Begin XCConfigurationList section */
		5D1CFE772B364B4E00EA0410 /* Build configuration list for PBXProject "LeaseLimit" */ = {
			isa = XCConfigurationList;
			buildConfigurations = (
				5D1CFE882B364B4F00EA0410 /* Debug */,
				5D1CFE892B364B4F00EA0410 /* Release */,
			);
			defaultConfigurationIsVisible = 0;
			defaultConfigurationName = Release;
		};
		5D1CFE8A2B364B4F00EA0410 /* Build configuration list for PBXNativeTarget "LeaseLimit" */ = {
			isa = XCConfigurationList;
			buildConfigurations = (
				5D1CFE8B2B364B4F00EA0410 /* Debug */,
				5D1CFE8C2B364B4F00EA0410 /* Release */,
			);
			defaultConfigurationIsVisible = 0;
			defaultConfigurationName = Release;
		};
/* End XCConfigurationList section */

/* Begin XCRemoteSwiftPackageReference section */
		5D968B7C2B463CD900645835 /* XCRemoteSwiftPackageReference "lottie-ios" */ = {
			isa = XCRemoteSwiftPackageReference;
			repositoryURL = "https://github.com/airbnb/lottie-ios";
			requirement = {
				kind = upToNextMajorVersion;
				minimumVersion = 4.3.4;
			};
		};
/* End XCRemoteSwiftPackageReference section */

/* Begin XCSwiftPackageProductDependency section */
		5D968B7D2B463CD900645835 /* Lottie */ = {
			isa = XCSwiftPackageProductDependency;
			package = 5D968B7C2B463CD900645835 /* XCRemoteSwiftPackageReference "lottie-ios" */;
			productName = Lottie;
		};
/* End XCSwiftPackageProductDependency section */
	};
	rootObject = 5D1CFE742B364B4E00EA0410 /* Project object */;
}
